
Microsoft Visual Studio Solution File, Format Version 12.00
# Visual Studio Version 16
VisualStudioVersion = 16.0.809.3
MinimumVisualStudioVersion = 10.0.40219.1
Project("{FAE04EC0-301F-11D3-BF4B-00C04F79EFBC}") = "GenericExporter", "GenericExporter\GenericExporter.csproj", "{12A96E83-CDC3-4191-9B8B-2C6B2D5770C8}"
EndProject
Project("{FAE04EC0-301F-11D3-BF4B-00C04F79EFBC}") = "Example", "Example\Example.csproj", "{BFCBD69B-A724-4D3B-89E0-CC840F951EBD}"
EndProject
Global
	GlobalSection(SolutionConfigurationPlatforms) = preSolution
		Debug|Any CPU = Debug|Any CPU
		Release|Any CPU = Release|Any CPU
	EndGlobalSection
	GlobalSection(ProjectConfigurationPlatforms) = postSolution
		{12A96E83-CDC3-4191-9B8B-2C6B2D5770C8}.Debug|Any CPU.ActiveCfg = Debug|Any CPU
		{12A96E83-CDC3-4191-9B8B-2C6B2D5770C8}.Debug|Any CPU.Build.0 = Debug|Any CPU
		{12A96E83-CDC3-4191-9B8B-2C6B2D5770C8}.Release|Any CPU.ActiveCfg = Release|Any CPU
		{12A96E83-CDC3-4191-9B8B-2C6B2D5770C8}.Release|Any CPU.Build.0 = Release|Any CPU
		{BFCBD69B-A724-4D3B-89E0-CC840F951EBD}.Debug|Any CPU.ActiveCfg = Debug|Any CPU
		{BFCBD69B-A724-4D3B-89E0-CC840F951EBD}.Debug|Any CPU.Build.0 = Debug|Any CPU
		{BFCBD69B-A724-4D3B-89E0-CC840F951EBD}.Release|Any CPU.ActiveCfg = Release|Any CPU
		{BFCBD69B-A724-4D3B-89E0-CC840F951EBD}.Release|Any CPU.Build.0 = Release|Any CPU
	EndGlobalSection
	GlobalSection(SolutionProperties) = preSolution
		HideSolutionNode = FALSE
	EndGlobalSection
	GlobalSection(ExtensibilityGlobals) = postSolution
		SolutionGuid = {78E50F13-0298-4D68-A92E-6B33D2481BE7}
	EndGlobalSection
EndGlobal
